
Microsoft Visual Studio Solution File, Format Version 12.00
# Visual Studio Version 17
VisualStudioVersion = 17.2.32526.322
MinimumVisualStudioVersion = 10.0.40219.1
Project("{FAE04EC0-301F-11D3-BF4B-00C04F79EFBC}") = "BudgetManagerLibrary", "BudgetManagerLibrary\BudgetManagerLibrary.csproj", "{06345BB5-C65C-4A9B-B34D-F1E1BED01F42}"
EndProject
Project("{FAE04EC0-301F-11D3-BF4B-00C04F79EFBC}") = "FinancialManagerUI", "FinancialManagerUI\FinancialManagerUI.csproj", "{D8FCE226-3DF0-4F10-8E3D-B9BCF6D65ADD}"
EndProject
Project("{FAE04EC0-301F-11D3-BF4B-00C04F79EFBC}") = "RecieptMenu", "RecieptMenu\RecieptMenu.csproj", "{9277F6F2-9D66-4B60-B172-94C59FD76ECC}"
EndProject
Project("{FAE04EC0-301F-11D3-BF4B-00C04F79EFBC}") = "ExpenditureMenu", "ExpenditureMenu\ExpenditureMenu.csproj", "{4C9B1A35-05D3-4DFE-A639-09F9070FE82C}"
EndProject
Project("{FAE04EC0-301F-11D3-BF4B-00C04F79EFBC}") = "HistoryOfOperationsUI", "HistoryOfOperationsUI\HistoryOfOperationsUI.csproj", "{E080FB2A-3DA8-4CF6-8F41-762903602D6A}"
EndProject
Global
	GlobalSection(SolutionConfigurationPlatforms) = preSolution
		Debug|Any CPU = Debug|Any CPU
		Release|Any CPU = Release|Any CPU
	EndGlobalSection
	GlobalSection(ProjectConfigurationPlatforms) = postSolution
		{06345BB5-C65C-4A9B-B34D-F1E1BED01F42}.Debug|Any CPU.ActiveCfg = Debug|Any CPU
		{06345BB5-C65C-4A9B-B34D-F1E1BED01F42}.Debug|Any CPU.Build.0 = Debug|Any CPU
		{06345BB5-C65C-4A9B-B34D-F1E1BED01F42}.Release|Any CPU.ActiveCfg = Release|Any CPU
		{06345BB5-C65C-4A9B-B34D-F1E1BED01F42}.Release|Any CPU.Build.0 = Release|Any CPU
		{D8FCE226-3DF0-4F10-8E3D-B9BCF6D65ADD}.Debug|Any CPU.ActiveCfg = Debug|Any CPU
		{D8FCE226-3DF0-4F10-8E3D-B9BCF6D65ADD}.Debug|Any CPU.Build.0 = Debug|Any CPU
		{D8FCE226-3DF0-4F10-8E3D-B9BCF6D65ADD}.Release|Any CPU.ActiveCfg = Release|Any CPU
		{D8FCE226-3DF0-4F10-8E3D-B9BCF6D65ADD}.Release|Any CPU.Build.0 = Release|Any CPU
		{9277F6F2-9D66-4B60-B172-94C59FD76ECC}.Debug|Any CPU.ActiveCfg = Debug|Any CPU
		{9277F6F2-9D66-4B60-B172-94C59FD76ECC}.Debug|Any CPU.Build.0 = Debug|Any CPU
		{9277F6F2-9D66-4B60-B172-94C59FD76ECC}.Release|Any CPU.ActiveCfg = Release|Any CPU
		{9277F6F2-9D66-4B60-B172-94C59FD76ECC}.Release|Any CPU.Build.0 = Release|Any CPU
		{4C9B1A35-05D3-4DFE-A639-09F9070FE82C}.Debug|Any CPU.ActiveCfg = Debug|Any CPU
		{4C9B1A35-05D3-4DFE-A639-09F9070FE82C}.Debug|Any CPU.Build.0 = Debug|Any CPU
		{4C9B1A35-05D3-4DFE-A639-09F9070FE82C}.Release|Any CPU.ActiveCfg = Release|Any CPU
		{4C9B1A35-05D3-4DFE-A639-09F9070FE82C}.Release|Any CPU.Build.0 = Release|Any CPU
		{E080FB2A-3DA8-4CF6-8F41-762903602D6A}.Debug|Any CPU.ActiveCfg = Debug|Any CPU
		{E080FB2A-3DA8-4CF6-8F41-762903602D6A}.Debug|Any CPU.Build.0 = Debug|Any CPU
		{E080FB2A-3DA8-4CF6-8F41-762903602D6A}.Release|Any CPU.ActiveCfg = Release|Any CPU
		{E080FB2A-3DA8-4CF6-8F41-762903602D6A}.Release|Any CPU.Build.0 = Release|Any CPU
	EndGlobalSection
	GlobalSection(SolutionProperties) = preSolution
		HideSolutionNode = FALSE
	EndGlobalSection
	GlobalSection(ExtensibilityGlobals) = postSolution
		SolutionGuid = {35F63CC2-D78A-477F-A5A9-81FC6E00265D}
	EndGlobalSection
EndGlobal
